
Microsoft Visual Studio Solution File, Format Version 12.00
# Visual Studio Version 17
VisualStudioVersion = 17.5.33502.453
MinimumVisualStudioVersion = 10.0.40219.1
Project("{9A19103F-16F7-4668-BE54-9A1E7A4F7556}") = "MyWebApp", "MyWebApp.csproj", "{7066C287-17A3-441F-9152-3C3416A74312}"
EndProject
Global
	GlobalSection(SolutionConfigurationPlatforms) = preSolution
		Debug|Any CPU = Debug|Any CPU
		Release|Any CPU = Release|Any CPU
	EndGlobalSection
	GlobalSection(ProjectConfigurationPlatforms) = postSolution
		{7066C287-17A3-441F-9152-3C3416A74312}.Debug|Any CPU.ActiveCfg = Debug|Any CPU
		{7066C287-17A3-441F-9152-3C3416A74312}.Debug|Any CPU.Build.0 = Debug|Any CPU
		{7066C287-17A3-441F-9152-3C3416A74312}.Release|Any CPU.ActiveCfg = Release|Any CPU
		{7066C287-17A3-441F-9152-3C3416A74312}.Release|Any CPU.Build.0 = Release|Any CPU
	EndGlobalSection
	GlobalSection(SolutionProperties) = preSolution
		HideSolutionNode = FALSE
	EndGlobalSection
	GlobalSection(ExtensibilityGlobals) = postSolution
		SolutionGuid = {598F1A14-BCB1-42EB-A1B8-DDA83635BB7F}
	EndGlobalSection
EndGlobal
